
Microsoft Visual Studio Solution File, Format Version 12.00
# Visual Studio Version 17
VisualStudioVersion = 17.11.35312.102
MinimumVisualStudioVersion = 10.0.40219.1
Project("{FAE04EC0-301F-11D3-BF4B-00C04F79EFBC}") = "Week14", "Week14\Week14.csproj", "{5F8C21E7-7A86-41F0-BADB-2F33CCEFEC55}"
EndProject
Global
	GlobalSection(SolutionConfigurationPlatforms) = preSolution
		Debug|Any CPU = Debug|Any CPU
		Release|Any CPU = Release|Any CPU
	EndGlobalSection
	GlobalSection(ProjectConfigurationPlatforms) = postSolution
		{5F8C21E7-7A86-41F0-BADB-2F33CCEFEC55}.Debug|Any CPU.ActiveCfg = Debug|Any CPU
		{5F8C21E7-7A86-41F0-BADB-2F33CCEFEC55}.Debug|Any CPU.Build.0 = Debug|Any CPU
		{5F8C21E7-7A86-41F0-BADB-2F33CCEFEC55}.Release|Any CPU.ActiveCfg = Release|Any CPU
		{5F8C21E7-7A86-41F0-BADB-2F33CCEFEC55}.Release|Any CPU.Build.0 = Release|Any CPU
	EndGlobalSection
	GlobalSection(SolutionProperties) = preSolution
		HideSolutionNode = FALSE
	EndGlobalSection
	GlobalSection(ExtensibilityGlobals) = postSolution
		SolutionGuid = {C96FC6BD-7944-4BF7-B838-6FBA2DD5E9B0}
	EndGlobalSection
EndGlobal
